// !$*UTF8*$!
{
	archiveVersion = 1;
	classes = {
	};
	objectVersion = 46;
	objects = {

/* Begin PBXBuildFile section */
		65F95A7A1CD3316000279A22 /* main.m in Sources */ = {isa = PBXBuildFile; fileRef = 65F95A791CD3316000279A22 /* main.m */; };
		65F95A7D1CD3316000279A22 /* AppDelegate.m in Sources */ = {isa = PBXBuildFile; fileRef = 65F95A7C1CD3316000279A22 /* AppDelegate.m */; };
		65F95A801CD3316000279A22 /* ViewController.m in Sources */ = {isa = PBXBuildFile; fileRef = 65F95A7F1CD3316000279A22 /* ViewController.m */; };
		65F95A831CD3316000279A22 /* Main.storyboard in Resources */ = {isa = PBXBuildFile; fileRef = 65F95A811CD3316000279A22 /* Main.storyboard */; };
		65F95A851CD3316000279A22 /* Assets.xcassets in Resources */ = {isa = PBXBuildFile; fileRef = 65F95A841CD3316000279A22 /* Assets.xcassets */; };
		65F95A881CD3316000279A22 /* LaunchScreen.storyboard in Resources */ = {isa = PBXBuildFile; fileRef = 65F95A861CD3316000279A22 /* LaunchScreen.storyboard */; };
		65F95A931CD3316000279A22 /* voiceTestTests.m in Sources */ = {isa = PBXBuildFile; fileRef = 65F95A921CD3316000279A22 /* voiceTestTests.m */; };
		65F95A9E1CD3316000279A22 /* voiceTestUITests.m in Sources */ = {isa = PBXBuildFile; fileRef = 65F95A9D1CD3316000279A22 /* voiceTestUITests.m */; };
/* End PBXBuildFile section */

/* Begin PBXContainerItemProxy section */
		65F95A8F1CD3316000279A22 /* PBXContainerItemProxy */ = {
			isa = PBXContainerItemProxy;
			containerPortal = 65F95A6D1CD3316000279A22 /* Project object */;
			proxyType = 1;
			remoteGlobalIDString = 65F95A741CD3316000279A22;
			remoteInfo = voiceTest;
		};
		65F95A9A1CD3316000279A22 /* PBXContainerItemProxy */ = {
			isa = PBXContainerItemProxy;
			containerPortal = 65F95A6D1CD3316000279A22 /* Project object */;
			proxyType = 1;
			remoteGlobalIDString = 65F95A741CD3316000279A22;
			remoteInfo = voiceTest;
		};
/* End PBXContainerItemProxy section */

/* Begin PBXFileReference section */
		65F95A751CD3316000279A22 /* voiceTest.app */ = {isa = PBXFileReference; explicitFileType = wrapper.application; includeInIndex = 0; path = voiceTest.app; sourceTree = BUILT_PRODUCTS_DIR; };
		65F95A791CD3316000279A22 /* main.m */ = {isa = PBXFileReference; lastKnownFileType = sourcecode.c.objc; path = main.m; sourceTree = "<group>"; };
		65F95A7B1CD3316000279A22 /* AppDelegate.h */ = {isa = PBXFileReference; lastKnownFileType = sourcecode.c.h; path = AppDelegate.h; sourceTree = "<group>"; };
		65F95A7C1CD3316000279A22 /* AppDelegate.m */ = {isa = PBXFileReference; lastKnownFileType = sourcecode.c.objc; path = AppDelegate.m; sourceTree = "<group>"; };
		65F95A7E1CD3316000279A22 /* ViewController.h */ = {isa = PBXFileReference; lastKnownFileType = sourcecode.c.h; path = ViewController.h; sourceTree = "<group>"; };
		65F95A7F1CD3316000279A22 /* ViewController.m */ = {isa = PBXFileReference; lastKnownFileType = sourcecode.c.objc; path = ViewController.m; sourceTree = "<group>"; };
		65F95A821CD3316000279A22 /* Base */ = {isa = PBXFileReference; lastKnownFileType = file.storyboard; name = Base; path = Base.lproj/Main.storyboard; sourceTree = "<group>"; };
		65F95A841CD3316000279A22 /* Assets.xcassets */ = {isa = PBXFileReference; lastKnownFileType = folder.assetcatalog; path = Assets.xcassets; sourceTree = "<group>"; };
		65F95A871CD3316000279A22 /* Base */ = {isa = PBXFileReference; lastKnownFileType = file.storyboard; name = Base; path = Base.lproj/LaunchScreen.storyboard; sourceTree = "<group>"; };
		65F95A891CD3316000279A22 /* Info.plist */ = {isa = PBXFileReference; lastKnownFileType = text.plist.xml; path = Info.plist; sourceTree = "<group>"; };
		65F95A8E1CD3316000279A22 /* voiceTestTests.xctest */ = {isa = PBXFileReference; explicitFileType = wrapper.cfbundle; includeInIndex = 0; path = voiceTestTests.xctest; sourceTree = BUILT_PRODUCTS_DIR; };
		65F95A921CD3316000279A22 /* voiceTestTests.m */ = {isa = PBXFileReference; lastKnownFileType = sourcecode.c.objc; path = voiceTestTests.m; sourceTree = "<group>"; };
		65F95A941CD3316000279A22 /* Info.plist */ = {isa = PBXFileReference; lastKnownFileType = text.plist.xml; path = Info.plist; sourceTree = "<group>"; };
		65F95A991CD3316000279A22 /* voiceTestUITests.xctest */ = {isa = PBXFileReference; explicitFileType = wrapper.cfbundle; includeInIndex = 0; path = voiceTestUITests.xctest; sourceTree = BUILT_PRODUCTS_DIR; };
		65F95A9D1CD3316000279A22 /* voiceTestUITests.m */ = {isa = PBXFileReference; lastKnownFileType = sourcecode.c.objc; path = voiceTestUITests.m; sourceTree = "<group>"; };
		65F95A9F1CD3316000279A22 /* Info.plist */ = {isa = PBXFileReference; lastKnownFileType = text.plist.xml; path = Info.plist; sourceTree = "<group>"; };
/* End PBXFileReference section */

/* Begin PBXFrameworksBuildPhase section */
		65F95A721CD3316000279A22 /* Frameworks */ = {
			isa = PBXFrameworksBuildPhase;
			buildActionMask = 2147483647;
			files = (
			);
			runOnlyForDeploymentPostprocessing = 0;
		};
		65F95A8B1CD3316000279A22 /* Frameworks */ = {
			isa = PBXFrameworksBuildPhase;
			buildActionMask = 2147483647;
			files = (
			);
			runOnlyForDeploymentPostprocessing = 0;
		};
		65F95A961CD3316000279A22 /* Frameworks */ = {
			isa = PBXFrameworksBuildPhase;
			buildActionMask = 2147483647;
			files = (
			);
			runOnlyForDeploymentPostprocessing = 0;
		};
/* End PBXFrameworksBuildPhase section */

/* Begin PBXGroup section */
		65F95A6C1CD3316000279A22 = {
			isa = PBXGroup;
			children = (
				65F95A771CD3316000279A22 /* voiceTest */,
				65F95A911CD3316000279A22 /* voiceTestTests */,
				65F95A9C1CD3316000279A22 /* voiceTestUITests */,
				65F95A761CD3316000279A22 /* Products */,
			);
			sourceTree = "<group>";
		};
		65F95A761CD3316000279A22 /* Products */ = {
			isa = PBXGroup;
			children = (
				65F95A751CD3316000279A22 /* voiceTest.app */,
				65F95A8E1CD3316000279A22 /* voiceTestTests.xctest */,
				65F95A991CD3316000279A22 /* voiceTestUITests.xctest */,
			);
			name = Products;
			sourceTree = "<group>";
		};
		65F95A771CD3316000279A22 /* voiceTest */ = {
			isa = PBXGroup;
			children = (
				65F95A7B1CD3316000279A22 /* AppDelegate.h */,
				65F95A7C1CD3316000279A22 /* AppDelegate.m */,
				65F95A7E1CD3316000279A22 /* ViewController.h */,
				65F95A7F1CD3316000279A22 /* ViewController.m */,
				65F95A811CD3316000279A22 /* Main.storyboard */,
				65F95A841CD3316000279A22 /* Assets.xcassets */,
				65F95A861CD3316000279A22 /* LaunchScreen.storyboard */,
				65F95A891CD3316000279A22 /* Info.plist */,
				65F95A781CD3316000279A22 /* Supporting Files */,
			);
			path = voiceTest;
			sourceTree = "<group>";
		};
		65F95A781CD3316000279A22 /* Supporting Files */ = {
			isa = PBXGroup;
			children = (
				65F95A791CD3316000279A22 /* main.m */,
			);
			name = "Supporting Files";
			sourceTree = "<group>";
		};
		65F95A911CD3316000279A22 /* voiceTestTests */ = {
			isa = PBXGroup;
			children = (
				65F95A921CD3316000279A22 /* voiceTestTests.m */,
				65F95A941CD3316000279A22 /* Info.plist */,
			);
			path = voiceTestTests;
			sourceTree = "<group>";
		};
		65F95A9C1CD3316000279A22 /* voiceTestUITests */ = {
			isa = PBXGroup;
			children = (
				65F95A9D1CD3316000279A22 /* voiceTestUITests.m */,
				65F95A9F1CD3316000279A22 /* Info.plist */,
			);
			path = voiceTestUITests;
			sourceTree = "<group>";
		};
/* End PBXGroup section */

/* Begin PBXNativeTarget section */
		65F95A741CD3316000279A22 /* voiceTest */ = {
			isa = PBXNativeTarget;
			buildConfigurationList = 65F95AA21CD3316000279A22 /* Build configuration list for PBXNativeTarget "voiceTest" */;
			buildPhases = (
				65F95A711CD3316000279A22 /* Sources */,
				65F95A721CD3316000279A22 /* Frameworks */,
				65F95A731CD3316000279A22 /* Resources */,
			);
			buildRules = (
			);
			dependencies = (
			);
			name = voiceTest;
			productName = voiceTest;
			productReference = 65F95A751CD3316000279A22 /* voiceTest.app */;
			productType = "com.apple.product-type.application";
		};
		65F95A8D1CD3316000279A22 /* voiceTestTests */ = {
			isa = PBXNativeTarget;
			buildConfigurationList = 65F95AA51CD3316000279A22 /* Build configuration list for PBXNativeTarget "voiceTestTests" */;
			buildPhases = (
				65F95A8A1CD3316000279A22 /* Sources */,
				65F95A8B1CD3316000279A22 /* Frameworks */,
				65F95A8C1CD3316000279A22 /* Resources */,
			);
			buildRules = (
			);
			dependencies = (
				65F95A901CD3316000279A22 /* PBXTargetDependency */,
			);
			name = voiceTestTests;
			productName = voiceTestTests;
			productReference = 65F95A8E1CD3316000279A22 /* voiceTestTests.xctest */;
			productType = "com.apple.product-type.bundle.unit-test";
		};
		65F95A981CD3316000279A22 /* voiceTestUITests */ = {
			isa = PBXNativeTarget;
			buildConfigurationList = 65F95AA81CD3316000279A22 /* Build configuration list for PBXNativeTarget "voiceTestUITests" */;
			buildPhases = (
				65F95A951CD3316000279A22 /* Sources */,
				65F95A961CD3316000279A22 /* Frameworks */,
				65F95A971CD3316000279A22 /* Resources */,
			);
			buildRules = (
			);
			dependencies = (
				65F95A9B1CD3316000279A22 /* PBXTargetDependency */,
			);
			name = voiceTestUITests;
			productName = voiceTestUITests;
			productReference = 65F95A991CD3316000279A22 /* voiceTestUITests.xctest */;
			productType = "com.apple.product-type.bundle.ui-testing";
		};
/* End PBXNativeTarget section */

/* Begin PBXProject section */
		65F95A6D1CD3316000279A22 /* Project object */ = {
			isa = PBXProject;
			attributes = {
				LastUpgradeCheck = 0720;
				ORGANIZATIONNAME = issuser;
				TargetAttributes = {
					65F95A741CD3316000279A22 = {
						CreatedOnToolsVersion = 7.2;
					};
					65F95A8D1CD3316000279A22 = {
						CreatedOnToolsVersion = 7.2;
						TestTargetID = 65F95A741CD3316000279A22;
					};
					65F95A981CD3316000279A22 = {
						CreatedOnToolsVersion = 7.2;
						TestTargetID = 65F95A741CD3316000279A22;
					};
				};
			};
			buildConfigurationList = 65F95A701CD3316000279A22 /* Build configuration list for PBXProject "voiceTest" */;
			compatibilityVersion = "Xcode 3.2";
			developmentRegion = English;
			hasScannedForEncodings = 0;
			knownRegions = (
				en,
				Base,
			);
			mainGroup = 65F95A6C1CD3316000279A22;
			productRefGroup = 65F95A761CD3316000279A22 /* Products */;
			projectDirPath = "";
			projectRoot = "";
			targets = (
				65F95A741CD3316000279A22 /* voiceTest */,
				65F95A8D1CD3316000279A22 /* voiceTestTests */,
				65F95A981CD3316000279A22 /* voiceTestUITests */,
			);
		};
/* End PBXProject section */

/* Begin PBXResourcesBuildPhase section */
		65F95A731CD3316000279A22 /* Resources */ = {
			isa = PBXResourcesBuildPhase;
			buildActionMask = 2147483647;
			files = (
				65F95A881CD3316000279A22 /* LaunchScreen.storyboard in Resources */,
				65F95A851CD3316000279A22 /* Assets.xcassets in Resources */,
				65F95A831CD3316000279A22 /* Main.storyboard in Resources */,
			);
			runOnlyForDeploymentPostprocessing = 0;
		};
		65F95A8C1CD3316000279A22 /* Resources */ = {
			isa = PBXResourcesBuildPhase;
			buildActionMask = 2147483647;
			files = (
			);
			runOnlyForDeploymentPostprocessing = 0;
		};
		65F95A971CD3316000279A22 /* Resources */ = {
			isa = PBXResourcesBuildPhase;
			buildActionMask = 2147483647;
			files = (
			);
			runOnlyForDeploymentPostprocessing = 0;
		};
/* End PBXResourcesBuildPhase section */

/* Begin PBXSourcesBuildPhase section */
		65F95A711CD3316000279A22 /* Sources */ = {
			isa = PBXSourcesBuildPhase;
			buildActionMask = 2147483647;
			files = (
				65F95A801CD3316000279A22 /* ViewController.m in Sources */,
				65F95A7D1CD3316000279A22 /* AppDelegate.m in Sources */,
				65F95A7A1CD3316000279A22 /* main.m in Sources */,
			);
			runOnlyForDeploymentPostprocessing = 0;
		};
		65F95A8A1CD3316000279A22 /* Sources */ = {
			isa = PBXSourcesBuildPhase;
			buildActionMask = 2147483647;
			files = (
				65F95A931CD3316000279A22 /* voiceTestTests.m in Sources */,
			);
			runOnlyForDeploymentPostprocessing = 0;
		};
		65F95A951CD3316000279A22 /* Sources */ = {
			isa = PBXSourcesBuildPhase;
			buildActionMask = 2147483647;
			files = (
				65F95A9E1CD3316000279A22 /* voiceTestUITests.m in Sources */,
			);
			runOnlyForDeploymentPostprocessing = 0;
		};
/* End PBXSourcesBuildPhase section */

/* Begin PBXTargetDependency section */
		65F95A901CD3316000279A22 /* PBXTargetDependency */ = {
			isa = PBXTargetDependency;
			target = 65F95A741CD3316000279A22 /* voiceTest */;
			targetProxy = 65F95A8F1CD3316000279A22 /* PBXContainerItemProxy */;
		};
		65F95A9B1CD3316000279A22 /* PBXTargetDependency */ = {
			isa = PBXTargetDependency;
			target = 65F95A741CD3316000279A22 /* voiceTest */;
			targetProxy = 65F95A9A1CD3316000279A22 /* PBXContainerItemProxy */;
		};
/* End PBXTargetDependency section */

/* Begin PBXVariantGroup section */
		65F95A811CD3316000279A22 /* Main.storyboard */ = {
			isa = PBXVariantGroup;
			children = (
				65F95A821CD3316000279A22 /* Base */,
			);
			name = Main.storyboard;
			sourceTree = "<group>";
		};
		65F95A861CD3316000279A22 /* LaunchScreen.storyboard */ = {
			isa = PBXVariantGroup;
			children = (
				65F95A871CD3316000279A22 /* Base */,
			);
			name = LaunchScreen.storyboard;
			sourceTree = "<group>";
		};
/* End PBXVariantGroup section */

/* Begin XCBuildConfiguration section */
		65F95AA01CD3316000279A22 /* Debug */ = {
			isa = XCBuildConfiguration;
			buildSettings = {
				ALWAYS_SEARCH_USER_PATHS = NO;
				CLANG_CXX_LANGUAGE_STANDARD = "gnu++0x";
				CLANG_CXX_LIBRARY = "libc++";
				CLANG_ENABLE_MODULES = YES;
				CLANG_ENABLE_OBJC_ARC = YES;
				CLANG_WARN_BOOL_CONVERSION = YES;
				CLANG_WARN_CONSTANT_CONVERSION = YES;
				CLANG_WARN_DIRECT_OBJC_ISA_USAGE = YES_ERROR;
				CLANG_WARN_EMPTY_BODY = YES;
				CLANG_WARN_ENUM_CONVERSION = YES;
				CLANG_WARN_INT_CONVERSION = YES;
				CLANG_WARN_OBJC_ROOT_CLASS = YES_ERROR;
				CLANG_WARN_UNREACHABLE_CODE = YES;
				CLANG_WARN__DUPLICATE_METHOD_MATCH = YES;
				"CODE_SIGN_IDENTITY[sdk=iphoneos*]" = "iPhone Developer";
				COPY_PHASE_STRIP = NO;
				DEBUG_INFORMATION_FORMAT = dwarf;
				ENABLE_STRICT_OBJC_MSGSEND = YES;
				ENABLE_TESTABILITY = YES;
				GCC_C_LANGUAGE_STANDARD = gnu99;
				GCC_DYNAMIC_NO_PIC = NO;
				GCC_NO_COMMON_BLOCKS = YES;
				GCC_OPTIMIZATION_LEVEL = 0;
				GCC_PREPROCESSOR_DEFINITIONS = (
					"DEBUG=1",
					"$(inherited)",
				);
				GCC_WARN_64_TO_32_BIT_CONVERSION = YES;
				GCC_WARN_ABOUT_RETURN_TYPE = YES_ERROR;
				GCC_WARN_UNDECLARED_SELECTOR = YES;
				GCC_WARN_UNINITIALIZED_AUTOS = YES_AGGRESSIVE;
				GCC_WARN_UNUSED_FUNCTION = YES;
				GCC_WARN_UNUSED_VARIABLE = YES;
				IPHONEOS_DEPLOYMENT_TARGET = 9.2;
				MTL_ENABLE_DEBUG_INFO = YES;
				ONLY_ACTIVE_ARCH = YES;
				SDKROOT = iphoneos;
			};
			name = Debug;
		};
		65F95AA11CD3316000279A22 /* Release */ = {
			isa = XCBuildConfiguration;
			buildSettings = {
				ALWAYS_SEARCH_USER_PATHS = NO;
				CLANG_CXX_LANGUAGE_STANDARD = "gnu++0x";
				CLANG_CXX_LIBRARY = "libc++";
				CLANG_ENABLE_MODULES = YES;
				CLANG_ENABLE_OBJC_ARC = YES;
				CLANG_WARN_BOOL_CONVERSION = YES;
				CLANG_WARN_CONSTANT_CONVERSION = YES;
				CLANG_WARN_DIRECT_OBJC_ISA_USAGE = YES_ERROR;
				CLANG_WARN_EMPTY_BODY = YES;
				CLANG_WARN_ENUM_CONVERSION = YES;
				CLANG_WARN_INT_CONVERSION = YES;
				CLANG_WARN_OBJC_ROOT_CLASS = YES_ERROR;
				CLANG_WARN_UNREACHABLE_CODE = YES;
				CLANG_WARN__DUPLICATE_METHOD_MATCH = YES;
				"CODE_SIGN_IDENTITY[sdk=iphoneos*]" = "iPhone Developer";
				COPY_PHASE_STRIP = NO;
				DEBUG_INFORMATION_FORMAT = "dwarf-with-dsym";
				ENABLE_NS_ASSERTIONS = NO;
				ENABLE_STRICT_OBJC_MSGSEND = YES;
				GCC_C_LANGUAGE_STANDARD = gnu99;
				GCC_NO_COMMON_BLOCKS = YES;
				GCC_WARN_64_TO_32_BIT_CONVERSION = YES;
				GCC_WARN_ABOUT_RETURN_TYPE = YES_ERROR;
				GCC_WARN_UNDECLARED_SELECTOR = YES;
				GCC_WARN_UNINITIALIZED_AUTOS = YES_AGGRESSIVE;
				GCC_WARN_UNUSED_FUNCTION = YES;
				GCC_WARN_UNUSED_VARIABLE = YES;
				IPHONEOS_DEPLOYMENT_TARGET = 9.2;
				MTL_ENABLE_DEBUG_INFO = NO;
				SDKROOT = iphoneos;
				VALIDATE_PRODUCT = YES;
			};
			name = Release;
		};
		65F95AA31CD3316000279A22 /* Debug */ = {
			isa = XCBuildConfiguration;
			buildSettings = {
				ASSETCATALOG_COMPILER_APPICON_NAME = AppIcon;
				INFOPLIST_FILE = voiceTest/Info.plist;
				LD_RUNPATH_SEARCH_PATHS = "$(inherited) @executable_path/Frameworks";
				PRODUCT_BUNDLE_IDENTIFIER = isorftstone.voiceTest;
				PRODUCT_NAME = "$(TARGET_NAME)";
			};
			name = Debug;
		};
		65F95AA41CD3316000279A22 /* Release */ = {
			isa = XCBuildConfiguration;
			buildSettings = {
				ASSETCATALOG_COMPILER_APPICON_NAME = AppIcon;
				INFOPLIST_FILE = voiceTest/Info.plist;
				LD_RUNPATH_SEARCH_PATHS = "$(inherited) @executable_path/Frameworks";
				PRODUCT_BUNDLE_IDENTIFIER = isorftstone.voiceTest;
				PRODUCT_NAME = "$(TARGET_NAME)";
			};
			name = Release;
		};
		65F95AA61CD3316000279A22 /* Debug */ = {
			isa = XCBuildConfiguration;
			buildSettings = {
				BUNDLE_LOADER = "$(TEST_HOST)";
				INFOPLIST_FILE = voiceTestTests/Info.plist;
				LD_RUNPATH_SEARCH_PATHS = "$(inherited) @executable_path/Frameworks @loader_path/Frameworks";
				PRODUCT_BUNDLE_IDENTIFIER = isorftstone.voiceTestTests;
				PRODUCT_NAME = "$(TARGET_NAME)";
				TEST_HOST = "$(BUILT_PRODUCTS_DIR)/voiceTest.app/voiceTest";
			};
			name = Debug;
		};
		65F95AA71CD3316000279A22 /* Release */ = {
			isa = XCBuildConfiguration;
			buildSettings = {
				BUNDLE_LOADER = "$(TEST_HOST)";
				INFOPLIST_FILE = voiceTestTests/Info.plist;
				LD_RUNPATH_SEARCH_PATHS = "$(inherited) @executable_path/Frameworks @loader_path/Frameworks";
				PRODUCT_BUNDLE_IDENTIFIER = isorftstone.voiceTestTests;
				PRODUCT_NAME = "$(TARGET_NAME)";
				TEST_HOST = "$(BUILT_PRODUCTS_DIR)/voiceTest.app/voiceTest";
			};
			name = Release;
		};
		65F95AA91CD3316000279A22 /* Debug */ = {
			isa = XCBuildConfiguration;
			buildSettings = {
				INFOPLIST_FILE = voiceTestUITests/Info.plist;
				LD_RUNPATH_SEARCH_PATHS = "$(inherited) @executable_path/Frameworks @loader_path/Frameworks";
				PRODUCT_BUNDLE_IDENTIFIER = isorftstone.voiceTestUITests;
				PRODUCT_NAME = "$(TARGET_NAME)";
				TEST_TARGET_NAME = voiceTest;
				USES_XCTRUNNER = YES;
			};
			name = Debug;
		};
		65F95AAA1CD3316000279A22 /* Release */ = {
			isa = XCBuildConfiguration;
			buildSettings = {
				INFOPLIST_FILE = voiceTestUITests/Info.plist;
				LD_RUNPATH_SEARCH_PATHS = "$(inherited) @executable_path/Frameworks @loader_path/Frameworks";
				PRODUCT_BUNDLE_IDENTIFIER = isorftstone.voiceTestUITests;
				PRODUCT_NAME = "$(TARGET_NAME)";
				TEST_TARGET_NAME = voiceTest;
				USES_XCTRUNNER = YES;
			};
			name = Release;
		};
/* End XCBuildConfiguration section */

/* Begin XCConfigurationList section */
		65F95A701CD3316000279A22 /* Build configuration list for PBXProject "voiceTest" */ = {
			isa = XCConfigurationList;
			buildConfigurations = (
				65F95AA01CD3316000279A22 /* Debug */,
				65F95AA11CD3316000279A22 /* Release */,
			);
			defaultConfigurationIsVisible = 0;
			defaultConfigurationName = Release;
		};
		65F95AA21CD3316000279A22 /* Build configuration list for PBXNativeTarget "voiceTest" */ = {
			isa = XCConfigurationList;
			buildConfigurations = (
				65F95AA31CD3316000279A22 /* Debug */,
				65F95AA41CD3316000279A22 /* Release */,
			);
			defaultConfigurationIsVisible = 0;
		};
		65F95AA51CD3316000279A22 /* Build configuration list for PBXNativeTarget "voiceTestTests" */ = {
			isa = XCConfigurationList;
			buildConfigurations = (
				65F95AA61CD3316000279A22 /* Debug */,
				65F95AA71CD3316000279A22 /* Release */,
			);
			defaultConfigurationIsVisible = 0;
		};
		65F95AA81CD3316000279A22 /* Build configuration list for PBXNativeTarget "voiceTestUITests" */ = {
			isa = XCConfigurationList;
			buildConfigurations = (
				65F95AA91CD3316000279A22 /* Debug */,
				65F95AAA1CD3316000279A22 /* Release */,
			);
			defaultConfigurationIsVisible = 0;
		};
/* End XCConfigurationList section */
	};
	rootObject = 65F95A6D1CD3316000279A22 /* Project object */;
}
